// !$*UTF8*$!
{
	archiveVersion = 1;
	classes = {
	};
	objectVersion = 56;
	objects = {

/* Begin PBXBuildFile section */
		3E3B0B51297D1B3A00923CF9 /* Prospect.swift in Sources */ = {isa = PBXBuildFile; fileRef = 3E3B0B50297D1B3A00923CF9 /* Prospect.swift */; };
		3E3B0B53297D1B4F00923CF9 /* Prospects_VM.swift in Sources */ = {isa = PBXBuildFile; fileRef = 3E3B0B52297D1B4F00923CF9 /* Prospects_VM.swift */; };
		3E3B0B57297D1B6100923CF9 /* HP_HomeView.swift in Sources */ = {isa = PBXBuildFile; fileRef = 3E3B0B54297D1B6100923CF9 /* HP_HomeView.swift */; };
		3E3B0B58297D1B6100923CF9 /* MeView.swift in Sources */ = {isa = PBXBuildFile; fileRef = 3E3B0B55297D1B6100923CF9 /* MeView.swift */; };
		3E3B0B59297D1B6100923CF9 /* ProspectsView.swift in Sources */ = {isa = PBXBuildFile; fileRef = 3E3B0B56297D1B6100923CF9 /* ProspectsView.swift */; };
		3E3B0B9B297E5B3E00923CF9 /* DedailView_HP.swift in Sources */ = {isa = PBXBuildFile; fileRef = 3E3B0B9A297E5B3E00923CF9 /* DedailView_HP.swift */; };
		3EBACBED297920F90091CF82 /* MeetupsApp.swift in Sources */ = {isa = PBXBuildFile; fileRef = 3EBACBEC297920F90091CF82 /* MeetupsApp.swift */; };
		3EBACBF1297920FB0091CF82 /* Assets.xcassets in Resources */ = {isa = PBXBuildFile; fileRef = 3EBACBF0297920FB0091CF82 /* Assets.xcassets */; };
		3EBACBF4297920FB0091CF82 /* Preview Assets.xcassets in Resources */ = {isa = PBXBuildFile; fileRef = 3EBACBF3297920FB0091CF82 /* Preview Assets.xcassets */; };
		3EBACBFF297922740091CF82 /* ImageSaver.swift in Sources */ = {isa = PBXBuildFile; fileRef = 3EBACBFE297922740091CF82 /* ImageSaver.swift */; };
		3EBACC01297923BC0091CF82 /* Meetup.swift in Sources */ = {isa = PBXBuildFile; fileRef = 3EBACC00297923BC0091CF82 /* Meetup.swift */; };
		3EBACC03297924460091CF82 /* FileManage-Doc-directory.swift in Sources */ = {isa = PBXBuildFile; fileRef = 3EBACC02297924460091CF82 /* FileManage-Doc-directory.swift */; };
		3EBACC05297924630091CF82 /* LocationFetcher.swift in Sources */ = {isa = PBXBuildFile; fileRef = 3EBACC04297924630091CF82 /* LocationFetcher.swift */; };
		3EBACC07297924AD0091CF82 /* ImagePicker.swift in Sources */ = {isa = PBXBuildFile; fileRef = 3EBACC06297924AD0091CF82 /* ImagePicker.swift */; };
		3EBACC09297924FB0091CF82 /* HomeView_VM.swift in Sources */ = {isa = PBXBuildFile; fileRef = 3EBACC08297924FB0091CF82 /* HomeView_VM.swift */; };
		3EBACC0B297925130091CF82 /* HomeView.swift in Sources */ = {isa = PBXBuildFile; fileRef = 3EBACC0A297925130091CF82 /* HomeView.swift */; };
		3EBACC0F297927360091CF82 /* Meetup_addView.swift in Sources */ = {isa = PBXBuildFile; fileRef = 3EBACC0E297927360091CF82 /* Meetup_addView.swift */; };
		3EBACC11297927A30091CF82 /* Location.swift in Sources */ = {isa = PBXBuildFile; fileRef = 3EBACC10297927A30091CF82 /* Location.swift */; };
		3EBACC13297934CB0091CF82 /* MeetUp_DetailView_VM.swift in Sources */ = {isa = PBXBuildFile; fileRef = 3EBACC12297934CB0091CF82 /* MeetUp_DetailView_VM.swift */; };
		3EBACC15297935080091CF82 /* MeetUp_DetailView.swift in Sources */ = {isa = PBXBuildFile; fileRef = 3EBACC14297935080091CF82 /* MeetUp_DetailView.swift */; };
		3EBACC1729794CE50091CF82 /* MeetUp_AddView_Vm.swift in Sources */ = {isa = PBXBuildFile; fileRef = 3EBACC1629794CE50091CF82 /* MeetUp_AddView_Vm.swift */; };
		3ED5C15D297D1721007C711E /* CodeScanner in Frameworks */ = {isa = PBXBuildFile; productRef = 3ED5C15C297D1721007C711E /* CodeScanner */; };
/* End PBXBuildFile section */

/* Begin PBXFileReference section */
		3E3B0B50297D1B3A00923CF9 /* Prospect.swift */ = {isa = PBXFileReference; fileEncoding = 4; lastKnownFileType = sourcecode.swift; path = Prospect.swift; sourceTree = "<group>"; };
		3E3B0B52297D1B4F00923CF9 /* Prospects_VM.swift */ = {isa = PBXFileReference; fileEncoding = 4; lastKnownFileType = sourcecode.swift; path = Prospects_VM.swift; sourceTree = "<group>"; };
		3E3B0B54297D1B6100923CF9 /* HP_HomeView.swift */ = {isa = PBXFileReference; fileEncoding = 4; lastKnownFileType = sourcecode.swift; path = HP_HomeView.swift; sourceTree = "<group>"; };
		3E3B0B55297D1B6100923CF9 /* MeView.swift */ = {isa = PBXFileReference; fileEncoding = 4; lastKnownFileType = sourcecode.swift; path = MeView.swift; sourceTree = "<group>"; };
		3E3B0B56297D1B6100923CF9 /* ProspectsView.swift */ = {isa = PBXFileReference; fileEncoding = 4; lastKnownFileType = sourcecode.swift; path = ProspectsView.swift; sourceTree = "<group>"; };
		3E3B0B9A297E5B3E00923CF9 /* DedailView_HP.swift */ = {isa = PBXFileReference; lastKnownFileType = sourcecode.swift; path = DedailView_HP.swift; sourceTree = "<group>"; };
		3EBACBE9297920F90091CF82 /* Meetups.app */ = {isa = PBXFileReference; explicitFileType = wrapper.application; includeInIndex = 0; path = Meetups.app; sourceTree = BUILT_PRODUCTS_DIR; };
		3EBACBEC297920F90091CF82 /* MeetupsApp.swift */ = {isa = PBXFileReference; lastKnownFileType = sourcecode.swift; path = MeetupsApp.swift; sourceTree = "<group>"; };
		3EBACBF0297920FB0091CF82 /* Assets.xcassets */ = {isa = PBXFileReference; lastKnownFileType = folder.assetcatalog; path = Assets.xcassets; sourceTree = "<group>"; };
		3EBACBF3297920FB0091CF82 /* Preview Assets.xcassets */ = {isa = PBXFileReference; lastKnownFileType = folder.assetcatalog; path = "Preview Assets.xcassets"; sourceTree = "<group>"; };
		3EBACBFD297921730091CF82 /* Info.plist */ = {isa = PBXFileReference; lastKnownFileType = text.plist; path = Info.plist; sourceTree = "<group>"; };
		3EBACBFE297922740091CF82 /* ImageSaver.swift */ = {isa = PBXFileReference; lastKnownFileType = sourcecode.swift; path = ImageSaver.swift; sourceTree = "<group>"; };
		3EBACC00297923BC0091CF82 /* Meetup.swift */ = {isa = PBXFileReference; lastKnownFileType = sourcecode.swift; path = Meetup.swift; sourceTree = "<group>"; };
		3EBACC02297924460091CF82 /* FileManage-Doc-directory.swift */ = {isa = PBXFileReference; lastKnownFileType = sourcecode.swift; path = "FileManage-Doc-directory.swift"; sourceTree = "<group>"; };
		3EBACC04297924630091CF82 /* LocationFetcher.swift */ = {isa = PBXFileReference; lastKnownFileType = sourcecode.swift; path = LocationFetcher.swift; sourceTree = "<group>"; };
		3EBACC06297924AD0091CF82 /* ImagePicker.swift */ = {isa = PBXFileReference; lastKnownFileType = sourcecode.swift; path = ImagePicker.swift; sourceTree = "<group>"; };
		3EBACC08297924FB0091CF82 /* HomeView_VM.swift */ = {isa = PBXFileReference; lastKnownFileType = sourcecode.swift; path = HomeView_VM.swift; sourceTree = "<group>"; };
		3EBACC0A297925130091CF82 /* HomeView.swift */ = {isa = PBXFileReference; lastKnownFileType = sourcecode.swift; path = HomeView.swift; sourceTree = "<group>"; };
		3EBACC0E297927360091CF82 /* Meetup_addView.swift */ = {isa = PBXFileReference; lastKnownFileType = sourcecode.swift; path = Meetup_addView.swift; sourceTree = "<group>"; };
		3EBACC10297927A30091CF82 /* Location.swift */ = {isa = PBXFileReference; lastKnownFileType = sourcecode.swift; path = Location.swift; sourceTree = "<group>"; };
		3EBACC12297934CB0091CF82 /* MeetUp_DetailView_VM.swift */ = {isa = PBXFileReference; lastKnownFileType = sourcecode.swift; path = MeetUp_DetailView_VM.swift; sourceTree = "<group>"; };
		3EBACC14297935080091CF82 /* MeetUp_DetailView.swift */ = {isa = PBXFileReference; lastKnownFileType = sourcecode.swift; path = MeetUp_DetailView.swift; sourceTree = "<group>"; };
		3EBACC1629794CE50091CF82 /* MeetUp_AddView_Vm.swift */ = {isa = PBXFileReference; lastKnownFileType = sourcecode.swift; path = MeetUp_AddView_Vm.swift; sourceTree = "<group>"; };
/* End PBXFileReference section */

/* Begin PBXFrameworksBuildPhase section */
		3EBACBE6297920F90091CF82 /* Frameworks */ = {
			isa = PBXFrameworksBuildPhase;
			buildActionMask = 2147483647;
			files = (
				3ED5C15D297D1721007C711E /* CodeScanner in Frameworks */,
			);
			runOnlyForDeploymentPostprocessing = 0;
		};
/* End PBXFrameworksBuildPhase section */

/* Begin PBXGroup section */
		3E3B0B4F297D1B2200923CF9 /* HotProspects */ = {
			isa = PBXGroup;
			children = (
				3E3B0B5C297D1B7A00923CF9 /* View Models */,
				3E3B0B5B297D1B7000923CF9 /* Models */,
				3E3B0B5A297D1B6700923CF9 /* Views */,
			);
			path = HotProspects;
			sourceTree = "<group>";
		};
		3E3B0B5A297D1B6700923CF9 /* Views */ = {
			isa = PBXGroup;
			children = (
				3E3B0B54297D1B6100923CF9 /* HP_HomeView.swift */,
				3E3B0B55297D1B6100923CF9 /* MeView.swift */,
				3E3B0B56297D1B6100923CF9 /* ProspectsView.swift */,
				3E3B0B9A297E5B3E00923CF9 /* DedailView_HP.swift */,
			);
			path = Views;
			sourceTree = "<group>";
		};
		3E3B0B5B297D1B7000923CF9 /* Models */ = {
			isa = PBXGroup;
			children = (
				3E3B0B50297D1B3A00923CF9 /* Prospect.swift */,
			);
			path = Models;
			sourceTree = "<group>";
		};
		3E3B0B5C297D1B7A00923CF9 /* View Models */ = {
			isa = PBXGroup;
			children = (
				3E3B0B52297D1B4F00923CF9 /* Prospects_VM.swift */,
			);
			path = "View Models";
			sourceTree = "<group>";
		};
		3EBACBE0297920F90091CF82 = {
			isa = PBXGroup;
			children = (
				3EBACBEB297920F90091CF82 /* Meetups */,
				3EBACBEA297920F90091CF82 /* Products */,
			);
			sourceTree = "<group>";
		};
		3EBACBEA297920F90091CF82 /* Products */ = {
			isa = PBXGroup;
			children = (
				3EBACBE9297920F90091CF82 /* Meetups.app */,
			);
			name = Products;
			sourceTree = "<group>";
		};
		3EBACBEB297920F90091CF82 /* Meetups */ = {
			isa = PBXGroup;
			children = (
				3EBACBEC297920F90091CF82 /* MeetupsApp.swift */,
				3EBACBFA2979210D0091CF82 /* Models */,
				3EBACBFB297921200091CF82 /* ViewModels */,
				3EBACBFC2979212C0091CF82 /* Views */,
				3E3B0B4F297D1B2200923CF9 /* HotProspects */,
				3EBACBFD297921730091CF82 /* Info.plist */,
				3EBACBF0297920FB0091CF82 /* Assets.xcassets */,
				3EBACBF2297920FB0091CF82 /* Preview Content */,
			);
			path = Meetups;
			sourceTree = "<group>";
		};
		3EBACBF2297920FB0091CF82 /* Preview Content */ = {
			isa = PBXGroup;
			children = (
				3EBACBF3297920FB0091CF82 /* Preview Assets.xcassets */,
			);
			path = "Preview Content";
			sourceTree = "<group>";
		};
		3EBACBFA2979210D0091CF82 /* Models */ = {
			isa = PBXGroup;
			children = (
				3EBACBFE297922740091CF82 /* ImageSaver.swift */,
				3EBACC00297923BC0091CF82 /* Meetup.swift */,
				3EBACC02297924460091CF82 /* FileManage-Doc-directory.swift */,
				3EBACC04297924630091CF82 /* LocationFetcher.swift */,
				3EBACC10297927A30091CF82 /* Location.swift */,
			);
			path = Models;
			sourceTree = "<group>";
		};
		3EBACBFB297921200091CF82 /* ViewModels */ = {
			isa = PBXGroup;
			children = (
				3EBACC06297924AD0091CF82 /* ImagePicker.swift */,
				3EBACC08297924FB0091CF82 /* HomeView_VM.swift */,
				3EBACC12297934CB0091CF82 /* MeetUp_DetailView_VM.swift */,
				3EBACC1629794CE50091CF82 /* MeetUp_AddView_Vm.swift */,
			);
			path = ViewModels;
			sourceTree = "<group>";
		};
		3EBACBFC2979212C0091CF82 /* Views */ = {
			isa = PBXGroup;
			children = (
				3EBACC0A297925130091CF82 /* HomeView.swift */,
				3EBACC0E297927360091CF82 /* Meetup_addView.swift */,
				3EBACC14297935080091CF82 /* MeetUp_DetailView.swift */,
			);
			path = Views;
			sourceTree = "<group>";
		};
/* End PBXGroup section */

/* Begin PBXNativeTarget section */
		3EBACBE8297920F90091CF82 /* Meetups */ = {
			isa = PBXNativeTarget;
			buildConfigurationList = 3EBACBF7297920FB0091CF82 /* Build configuration list for PBXNativeTarget "Meetups" */;
			buildPhases = (
				3EBACBE5297920F90091CF82 /* Sources */,
				3EBACBE6297920F90091CF82 /* Frameworks */,
				3EBACBE7297920F90091CF82 /* Resources */,
			);
			buildRules = (
			);
			dependencies = (
			);
			name = Meetups;
			packageProductDependencies = (
				3ED5C15C297D1721007C711E /* CodeScanner */,
			);
			productName = Meetups;
			productReference = 3EBACBE9297920F90091CF82 /* Meetups.app */;
			productType = "com.apple.product-type.application";
		};
/* End PBXNativeTarget section */

/* Begin PBXProject section */
		3EBACBE1297920F90091CF82 /* Project object */ = {
			isa = PBXProject;
			attributes = {
				BuildIndependentTargetsInParallel = 1;
				LastSwiftUpdateCheck = 1420;
				LastUpgradeCheck = 1420;
				TargetAttributes = {
					3EBACBE8297920F90091CF82 = {
						CreatedOnToolsVersion = 14.2;
					};
				};
			};
			buildConfigurationList = 3EBACBE4297920F90091CF82 /* Build configuration list for PBXProject "Meetups" */;
			compatibilityVersion = "Xcode 14.0";
			developmentRegion = en;
			hasScannedForEncodings = 0;
			knownRegions = (
				en,
				Base,
			);
			mainGroup = 3EBACBE0297920F90091CF82;
			packageReferences = (
				3ED5C15B297D1721007C711E /* XCRemoteSwiftPackageReference "CodeScanner" */,
			);
			productRefGroup = 3EBACBEA297920F90091CF82 /* Products */;
			projectDirPath = "";
			projectRoot = "";
			targets = (
				3EBACBE8297920F90091CF82 /* Meetups */,
			);
		};
/* End PBXProject section */

/* Begin PBXResourcesBuildPhase section */
		3EBACBE7297920F90091CF82 /* Resources */ = {
			isa = PBXResourcesBuildPhase;
			buildActionMask = 2147483647;
			files = (
				3EBACBF4297920FB0091CF82 /* Preview Assets.xcassets in Resources */,
				3EBACBF1297920FB0091CF82 /* Assets.xcassets in Resources */,
			);
			runOnlyForDeploymentPostprocessing = 0;
		};
/* End PBXResourcesBuildPhase section */

/* Begin PBXSourcesBuildPhase section */
		3EBACBE5297920F90091CF82 /* Sources */ = {
			isa = PBXSourcesBuildPhase;
			buildActionMask = 2147483647;
			files = (
				3E3B0B9B297E5B3E00923CF9 /* DedailView_HP.swift in Sources */,
				3EBACC0B297925130091CF82 /* HomeView.swift in Sources */,
				3EBACC03297924460091CF82 /* FileManage-Doc-directory.swift in Sources */,
				3E3B0B53297D1B4F00923CF9 /* Prospects_VM.swift in Sources */,
				3EBACC09297924FB0091CF82 /* HomeView_VM.swift in Sources */,
				3E3B0B51297D1B3A00923CF9 /* Prospect.swift in Sources */,
				3EBACC05297924630091CF82 /* LocationFetcher.swift in Sources */,
				3EBACC07297924AD0091CF82 /* ImagePicker.swift in Sources */,
				3E3B0B57297D1B6100923CF9 /* HP_HomeView.swift in Sources */,
				3EBACC13297934CB0091CF82 /* MeetUp_DetailView_VM.swift in Sources */,
				3EBACBFF297922740091CF82 /* ImageSaver.swift in Sources */,
				3EBACBED297920F90091CF82 /* MeetupsApp.swift in Sources */,
				3EBACC1729794CE50091CF82 /* MeetUp_AddView_Vm.swift in Sources */,
				3E3B0B59297D1B6100923CF9 /* ProspectsView.swift in Sources */,
				3EBACC01297923BC0091CF82 /* Meetup.swift in Sources */,
				3EBACC15297935080091CF82 /* MeetUp_DetailView.swift in Sources */,
				3EBACC11297927A30091CF82 /* Location.swift in Sources */,
				3E3B0B58297D1B6100923CF9 /* MeView.swift in Sources */,
				3EBACC0F297927360091CF82 /* Meetup_addView.swift in Sources */,
			);
			runOnlyForDeploymentPostprocessing = 0;
		};
/* End PBXSourcesBuildPhase section */

/* Begin XCBuildConfiguration section */
		3EBACBF5297920FB0091CF82 /* Debug */ = {
			isa = XCBuildConfiguration;
			buildSettings = {
				ALWAYS_SEARCH_USER_PATHS = NO;
				CLANG_ANALYZER_NONNULL = YES;
				CLANG_ANALYZER_NUMBER_OBJECT_CONVERSION = YES_AGGRESSIVE;
				CLANG_CXX_LANGUAGE_STANDARD = "gnu++20";
				CLANG_ENABLE_MODULES = YES;
				CLANG_ENABLE_OBJC_ARC = YES;
				CLANG_ENABLE_OBJC_WEAK = YES;
				CLANG_WARN_BLOCK_CAPTURE_AUTORELEASING = YES;
				CLANG_WARN_BOOL_CONVERSION = YES;
				CLANG_WARN_COMMA = YES;
				CLANG_WARN_CONSTANT_CONVERSION = YES;
				CLANG_WARN_DEPRECATED_OBJC_IMPLEMENTATIONS = YES;
				CLANG_WARN_DIRECT_OBJC_ISA_USAGE = YES_ERROR;
				CLANG_WARN_DOCUMENTATION_COMMENTS = YES;
				CLANG_WARN_EMPTY_BODY = YES;
				CLANG_WARN_ENUM_CONVERSION = YES;
				CLANG_WARN_INFINITE_RECURSION = YES;
				CLANG_WARN_INT_CONVERSION = YES;
				CLANG_WARN_NON_LITERAL_NULL_CONVERSION = YES;
				CLANG_WARN_OBJC_IMPLICIT_RETAIN_SELF = YES;
				CLANG_WARN_OBJC_LITERAL_CONVERSION = YES;
				CLANG_WARN_OBJC_ROOT_CLASS = YES_ERROR;
				CLANG_WARN_QUOTED_INCLUDE_IN_FRAMEWORK_HEADER = YES;
				CLANG_WARN_RANGE_LOOP_ANALYSIS = YES;
				CLANG_WARN_STRICT_PROTOTYPES = YES;
				CLANG_WARN_SUSPICIOUS_MOVE = YES;
				CLANG_WARN_UNGUARDED_AVAILABILITY = YES_AGGRESSIVE;
				CLANG_WARN_UNREACHABLE_CODE = YES;
				CLANG_WARN__DUPLICATE_METHOD_MATCH = YES;
				COPY_PHASE_STRIP = NO;
				DEBUG_INFORMATION_FORMAT = dwarf;
				ENABLE_STRICT_OBJC_MSGSEND = YES;
				ENABLE_TESTABILITY = YES;
				GCC_C_LANGUAGE_STANDARD = gnu11;
				GCC_DYNAMIC_NO_PIC = NO;
				GCC_NO_COMMON_BLOCKS = YES;
				GCC_OPTIMIZATION_LEVEL = 0;
				GCC_PREPROCESSOR_DEFINITIONS = (
					"DEBUG=1",
					"$(inherited)",
				);
				GCC_WARN_64_TO_32_BIT_CONVERSION = YES;
				GCC_WARN_ABOUT_RETURN_TYPE = YES_ERROR;
				GCC_WARN_UNDECLARED_SELECTOR = YES;
				GCC_WARN_UNINITIALIZED_AUTOS = YES_AGGRESSIVE;
				GCC_WARN_UNUSED_FUNCTION = YES;
				GCC_WARN_UNUSED_VARIABLE = YES;
				IPHONEOS_DEPLOYMENT_TARGET = 16.2;
				MTL_ENABLE_DEBUG_INFO = INCLUDE_SOURCE;
				MTL_FAST_MATH = YES;
				ONLY_ACTIVE_ARCH = YES;
				SDKROOT = iphoneos;
				SWIFT_ACTIVE_COMPILATION_CONDITIONS = DEBUG;
				SWIFT_OPTIMIZATION_LEVEL = "-Onone";
			};
			name = Debug;
		};
		3EBACBF6297920FB0091CF82 /* Release */ = {
			isa = XCBuildConfiguration;
			buildSettings = {
				ALWAYS_SEARCH_USER_PATHS = NO;
				CLANG_ANALYZER_NONNULL = YES;
				CLANG_ANALYZER_NUMBER_OBJECT_CONVERSION = YES_AGGRESSIVE;
				CLANG_CXX_LANGUAGE_STANDARD = "gnu++20";
				CLANG_ENABLE_MODULES = YES;
				CLANG_ENABLE_OBJC_ARC = YES;
				CLANG_ENABLE_OBJC_WEAK = YES;
				CLANG_WARN_BLOCK_CAPTURE_AUTORELEASING = YES;
				CLANG_WARN_BOOL_CONVERSION = YES;
				CLANG_WARN_COMMA = YES;
				CLANG_WARN_CONSTANT_CONVERSION = YES;
				CLANG_WARN_DEPRECATED_OBJC_IMPLEMENTATIONS = YES;
				CLANG_WARN_DIRECT_OBJC_ISA_USAGE = YES_ERROR;
				CLANG_WARN_DOCUMENTATION_COMMENTS = YES;
				CLANG_WARN_EMPTY_BODY = YES;
				CLANG_WARN_ENUM_CONVERSION = YES;
				CLANG_WARN_INFINITE_RECURSION = YES;
				CLANG_WARN_INT_CONVERSION = YES;
				CLANG_WARN_NON_LITERAL_NULL_CONVERSION = YES;
				CLANG_WARN_OBJC_IMPLICIT_RETAIN_SELF = YES;
				CLANG_WARN_OBJC_LITERAL_CONVERSION = YES;
				CLANG_WARN_OBJC_ROOT_CLASS = YES_ERROR;
				CLANG_WARN_QUOTED_INCLUDE_IN_FRAMEWORK_HEADER = YES;
				CLANG_WARN_RANGE_LOOP_ANALYSIS = YES;
				CLANG_WARN_STRICT_PROTOTYPES = YES;
				CLANG_WARN_SUSPICIOUS_MOVE = YES;
				CLANG_WARN_UNGUARDED_AVAILABILITY = YES_AGGRESSIVE;
				CLANG_WARN_UNREACHABLE_CODE = YES;
				CLANG_WARN__DUPLICATE_METHOD_MATCH = YES;
				COPY_PHASE_STRIP = NO;
				DEBUG_INFORMATION_FORMAT = "dwarf-with-dsym";
				ENABLE_NS_ASSERTIONS = NO;
				ENABLE_STRICT_OBJC_MSGSEND = YES;
				GCC_C_LANGUAGE_STANDARD = gnu11;
				GCC_NO_COMMON_BLOCKS = YES;
				GCC_WARN_64_TO_32_BIT_CONVERSION = YES;
				GCC_WARN_ABOUT_RETURN_TYPE = YES_ERROR;
				GCC_WARN_UNDECLARED_SELECTOR = YES;
				GCC_WARN_UNINITIALIZED_AUTOS = YES_AGGRESSIVE;
				GCC_WARN_UNUSED_FUNCTION = YES;
				GCC_WARN_UNUSED_VARIABLE = YES;
				IPHONEOS_DEPLOYMENT_TARGET = 16.2;
				MTL_ENABLE_DEBUG_INFO = NO;
				MTL_FAST_MATH = YES;
				SDKROOT = iphoneos;
				SWIFT_COMPILATION_MODE = wholemodule;
				SWIFT_OPTIMIZATION_LEVEL = "-O";
				VALIDATE_PRODUCT = YES;
			};
			name = Release;
		};
		3EBACBF8297920FB0091CF82 /* Debug */ = {
			isa = XCBuildConfiguration;
			buildSettings = {
				ASSETCATALOG_COMPILER_APPICON_NAME = AppIcon;
				ASSETCATALOG_COMPILER_GLOBAL_ACCENT_COLOR_NAME = AccentColor;
				CODE_SIGN_STYLE = Automatic;
				CURRENT_PROJECT_VERSION = 1;
				DEVELOPMENT_ASSET_PATHS = "\"Meetups/Preview Content\"";
				DEVELOPMENT_TEAM = 78B5GQU47L;
				ENABLE_PREVIEWS = YES;
				GENERATE_INFOPLIST_FILE = YES;
				INFOPLIST_FILE = Meetups/Info.plist;
				INFOPLIST_KEY_NSCameraUsageDescription = "We want to access your camerra";
				INFOPLIST_KEY_NSLocationUsageDescription = "We want to access your location";
				INFOPLIST_KEY_NSLocationWhenInUseUsageDescription = "We want to access your location";
				INFOPLIST_KEY_NSPhotoLibraryAddUsageDescription = "we want to save your qrCode";
				INFOPLIST_KEY_UIApplicationSceneManifest_Generation = YES;
				INFOPLIST_KEY_UIApplicationSupportsIndirectInputEvents = YES;
				INFOPLIST_KEY_UILaunchScreen_Generation = YES;
				INFOPLIST_KEY_UISupportedInterfaceOrientations_iPad = "UIInterfaceOrientationPortrait UIInterfaceOrientationPortraitUpsideDown UIInterfaceOrientationLandscapeLeft UIInterfaceOrientationLandscapeRight";
				INFOPLIST_KEY_UISupportedInterfaceOrientations_iPhone = "UIInterfaceOrientationPortrait UIInterfaceOrientationLandscapeLeft UIInterfaceOrientationLandscapeRight";
				LD_RUNPATH_SEARCH_PATHS = (
					"$(inherited)",
					"@executable_path/Frameworks",
				);
				MARKETING_VERSION = 1.0;
				PRODUCT_BUNDLE_IDENTIFIER = faridJemmy022.Meetups;
				PRODUCT_NAME = "$(TARGET_NAME)";
				SWIFT_EMIT_LOC_STRINGS = YES;
				SWIFT_VERSION = 5.0;
				TARGETED_DEVICE_FAMILY = "1,2";
			};
			name = Debug;
		};
		3EBACBF9297920FB0091CF82 /* Release */ = {
			isa = XCBuildConfiguration;
			buildSettings = {
				ASSETCATALOG_COMPILER_APPICON_NAME = AppIcon;
				ASSETCATALOG_COMPILER_GLOBAL_ACCENT_COLOR_NAME = AccentColor;
				CODE_SIGN_STYLE = Automatic;
				CURRENT_PROJECT_VERSION = 1;
				DEVELOPMENT_ASSET_PATHS = "\"Meetups/Preview Content\"";
				DEVELOPMENT_TEAM = 78B5GQU47L;
				ENABLE_PREVIEWS = YES;
				GENERATE_INFOPLIST_FILE = YES;
				INFOPLIST_FILE = Meetups/Info.plist;
				INFOPLIST_KEY_NSCameraUsageDescription = "We want to access your camerra";
				INFOPLIST_KEY_NSLocationUsageDescription = "We want to access your location";
				INFOPLIST_KEY_NSLocationWhenInUseUsageDescription = "We want to access your location";
				INFOPLIST_KEY_NSPhotoLibraryAddUsageDescription = "we want to save your qrCode";
				INFOPLIST_KEY_UIApplicationSceneManifest_Generation = YES;
				INFOPLIST_KEY_UIApplicationSupportsIndirectInputEvents = YES;
				INFOPLIST_KEY_UILaunchScreen_Generation = YES;
				INFOPLIST_KEY_UISupportedInterfaceOrientations_iPad = "UIInterfaceOrientationPortrait UIInterfaceOrientationPortraitUpsideDown UIInterfaceOrientationLandscapeLeft UIInterfaceOrientationLandscapeRight";
				INFOPLIST_KEY_UISupportedInterfaceOrientations_iPhone = "UIInterfaceOrientationPortrait UIInterfaceOrientationLandscapeLeft UIInterfaceOrientationLandscapeRight";
				LD_RUNPATH_SEARCH_PATHS = (
					"$(inherited)",
					"@executable_path/Frameworks",
				);
				MARKETING_VERSION = 1.0;
				PRODUCT_BUNDLE_IDENTIFIER = faridJemmy022.Meetups;
				PRODUCT_NAME = "$(TARGET_NAME)";
				SWIFT_EMIT_LOC_STRINGS = YES;
				SWIFT_VERSION = 5.0;
				TARGETED_DEVICE_FAMILY = "1,2";
			};
			name = Release;
		};
/* End XCBuildConfiguration section */

/* Begin XCConfigurationList section */
		3EBACBE4297920F90091CF82 /* Build configuration list for PBXProject "Meetups" */ = {
			isa = XCConfigurationList;
			buildConfigurations = (
				3EBACBF5297920FB0091CF82 /* Debug */,
				3EBACBF6297920FB0091CF82 /* Release */,
			);
			defaultConfigurationIsVisible = 0;
			defaultConfigurationName = Release;
		};
		3EBACBF7297920FB0091CF82 /* Build configuration list for PBXNativeTarget "Meetups" */ = {
			isa = XCConfigurationList;
			buildConfigurations = (
				3EBACBF8297920FB0091CF82 /* Debug */,
				3EBACBF9297920FB0091CF82 /* Release */,
			);
			defaultConfigurationIsVisible = 0;
			defaultConfigurationName = Release;
		};
/* End XCConfigurationList section */

/* Begin XCRemoteSwiftPackageReference section */
		3ED5C15B297D1721007C711E /* XCRemoteSwiftPackageReference "CodeScanner" */ = {
			isa = XCRemoteSwiftPackageReference;
			repositoryURL = "https://github.com/twostraws/CodeScanner";
			requirement = {
				kind = upToNextMajorVersion;
				minimumVersion = 2.0.0;
			};
		};
/* End XCRemoteSwiftPackageReference section */

/* Begin XCSwiftPackageProductDependency section */
		3ED5C15C297D1721007C711E /* CodeScanner */ = {
			isa = XCSwiftPackageProductDependency;
			package = 3ED5C15B297D1721007C711E /* XCRemoteSwiftPackageReference "CodeScanner" */;
			productName = CodeScanner;
		};
/* End XCSwiftPackageProductDependency section */
	};
	rootObject = 3EBACBE1297920F90091CF82 /* Project object */;
}
